
Microsoft Visual Studio Solution File, Format Version 12.00
# Visual Studio Version 17
VisualStudioVersion = 17.14.36915.13 d17.14
MinimumVisualStudioVersion = 10.0.40219.1
Project("{FAE04EC0-301F-11D3-BF4B-00C04F79EFBC}") = "RaceDay", "RaceDay\RaceDay.csproj", "{1AEB359B-AD34-4659-B56C-9DA180F30419}"
EndProject
Global
	GlobalSection(SolutionConfigurationPlatforms) = preSolution
		Debug|Any CPU = Debug|Any CPU
		Release|Any CPU = Release|Any CPU
	EndGlobalSection
	GlobalSection(ProjectConfigurationPlatforms) = postSolution
		{1AEB359B-AD34-4659-B56C-9DA180F30419}.Debug|Any CPU.ActiveCfg = Debug|Any CPU
		{1AEB359B-AD34-4659-B56C-9DA180F30419}.Debug|Any CPU.Build.0 = Debug|Any CPU
		{1AEB359B-AD34-4659-B56C-9DA180F30419}.Release|Any CPU.ActiveCfg = Release|Any CPU
		{1AEB359B-AD34-4659-B56C-9DA180F30419}.Release|Any CPU.Build.0 = Release|Any CPU
	EndGlobalSection
	GlobalSection(SolutionProperties) = preSolution
		HideSolutionNode = FALSE
	EndGlobalSection
	GlobalSection(ExtensibilityGlobals) = postSolution
		SolutionGuid = {8E59AFAB-600B-4E7E-A6F8-A4E42373E636}
	EndGlobalSection
EndGlobal
